
Microsoft Visual Studio Solution File, Format Version 12.00
# Visual Studio 15
VisualStudioVersion = 15.0.26730.15
MinimumVisualStudioVersion = 10.0.40219.1
Project("{FAE04EC0-301F-11D3-BF4B-00C04F79EFBC}") = "AimbotCam", "AimbotCam\AimbotCam.csproj", "{6F4E45BB-738C-46D6-92FA-490BD33957E4}"
EndProject
Project("{D954291E-2A0B-460D-934E-DC6B0785DB48}") = "HaE Serialization", "..\..\..\MDK_Projects\Shared Projects\HaE Serialization\HaE Serialization.shproj", "{633D8B24-4B3B-4C26-9480-DBA498CC7831}"
EndProject
Project("{D954291E-2A0B-460D-934E-DC6B0785DB48}") = "HaE Visualization", "..\..\..\MDK_Projects\Shared Projects\HaE Visualization\HaE Visualization.shproj", "{F97D848C-73A1-455C-8A8D-5C546C45D2ED}"
EndProject
Global
	GlobalSection(SharedMSBuildProjectFiles) = preSolution
		..\..\..\MDK_Projects\Shared Projects\HaE Serialization\HaE Serialization.projitems*{633d8b24-4b3b-4c26-9480-dba498cc7831}*SharedItemsImports = 13
		..\..\..\MDK_Projects\Shared Projects\HaE Serialization\HaE Serialization.projitems*{6f4e45bb-738c-46d6-92fa-490bd33957e4}*SharedItemsImports = 4
		..\..\..\MDK_Projects\Shared Projects\HaE Visualization\HaE Visualization.projitems*{6f4e45bb-738c-46d6-92fa-490bd33957e4}*SharedItemsImports = 4
		..\..\..\MDK_Projects\Shared Projects\HaE Visualization\HaE Visualization.projitems*{f97d848c-73a1-455c-8a8d-5c546c45d2ed}*SharedItemsImports = 13
	EndGlobalSection
	GlobalSection(SolutionConfigurationPlatforms) = preSolution
		Debug|x64 = Debug|x64
	EndGlobalSection
	GlobalSection(ProjectConfigurationPlatforms) = postSolution
		{6F4E45BB-738C-46D6-92FA-490BD33957E4}.Debug|x64.ActiveCfg = Debug|x64
		{6F4E45BB-738C-46D6-92FA-490BD33957E4}.Debug|x64.Build.0 = Debug|x64
	EndGlobalSection
	GlobalSection(SolutionProperties) = preSolution
		HideSolutionNode = FALSE
	EndGlobalSection
	GlobalSection(ExtensibilityGlobals) = postSolution
		SolutionGuid = {0F667C0F-41CA-40F3-AB31-A8D8DE47C3BC}
	EndGlobalSection
EndGlobal
